{
  "originHash" : "652a3e5623b2e6c8c6e0e0b946c185247190377f8f46737da6c1d9062f42423e",
  "pins" : [
    {
      "identity" : "mixpanel-swift",
      "kind" : "remoteSourceControl",
      "location" : "https://github.com/mixpanel/mixpanel-swift",
      "state" : {
        "revision" : "4f576088b8fd3cc63d64c5f8273f2437bfd3becf",
        "version" : "4.0.0"
      }
    }
  ],
  "version" : 3
}
