{
  "originHash" : "652a3e5623b2e6c8c6e0e0b946c185247190377f8f46737da6c1d9062f42423e",
  "pins" : [
    {
      "identity" : "mixpanel-swift",
      "kind" : "remoteSourceControl",
      "location" : "https://github.com/mixpanel/mixpanel-swift",
      "state" : {
        "revision" : "48d6668ceaaefc338f94e2b084c3cf77b90182f8",
        "version" : "4.3.0"
      }
    }
  ],
  "version" : 3
}
